
Microsoft Visual Studio Solution File, Format Version 12.00
# Visual Studio Version 17
VisualStudioVersion = 17.8.34525.116
MinimumVisualStudioVersion = 10.0.40219.1
Project("{FAE04EC0-301F-11D3-BF4B-00C04F79EFBC}") = "APICatalogo", "APICatalogo\APICatalogo.csproj", "{34B61923-9480-4773-9010-AC4DB55A4EAB}"
EndProject
Global
	GlobalSection(SolutionConfigurationPlatforms) = preSolution
		Debug|Any CPU = Debug|Any CPU
		Release|Any CPU = Release|Any CPU
	EndGlobalSection
	GlobalSection(ProjectConfigurationPlatforms) = postSolution
		{34B61923-9480-4773-9010-AC4DB55A4EAB}.Debug|Any CPU.ActiveCfg = Debug|Any CPU
		{34B61923-9480-4773-9010-AC4DB55A4EAB}.Debug|Any CPU.Build.0 = Debug|Any CPU
		{34B61923-9480-4773-9010-AC4DB55A4EAB}.Release|Any CPU.ActiveCfg = Release|Any CPU
		{34B61923-9480-4773-9010-AC4DB55A4EAB}.Release|Any CPU.Build.0 = Release|Any CPU
	EndGlobalSection
	GlobalSection(SolutionProperties) = preSolution
		HideSolutionNode = FALSE
	EndGlobalSection
	GlobalSection(ExtensibilityGlobals) = postSolution
		SolutionGuid = {39840FDE-B177-4F2C-A56D-E4F7EBCA2E2C}
	EndGlobalSection
EndGlobal
