
Microsoft Visual Studio Solution File, Format Version 12.00
# Visual Studio Version 17
VisualStudioVersion = 17.9.34701.34
MinimumVisualStudioVersion = 10.0.40219.1
Project("{FAE04EC0-301F-11D3-BF4B-00C04F79EFBC}") = "DemoVS", "DemoVS.csproj", "{076048FA-B226-4088-B238-FE8D021D960C}"
EndProject
Global
	GlobalSection(SolutionConfigurationPlatforms) = preSolution
		Debug|Any CPU = Debug|Any CPU
		Release|Any CPU = Release|Any CPU
	EndGlobalSection
	GlobalSection(ProjectConfigurationPlatforms) = postSolution
		{076048FA-B226-4088-B238-FE8D021D960C}.Debug|Any CPU.ActiveCfg = Debug|Any CPU
		{076048FA-B226-4088-B238-FE8D021D960C}.Debug|Any CPU.Build.0 = Debug|Any CPU
		{076048FA-B226-4088-B238-FE8D021D960C}.Release|Any CPU.ActiveCfg = Release|Any CPU
		{076048FA-B226-4088-B238-FE8D021D960C}.Release|Any CPU.Build.0 = Release|Any CPU
	EndGlobalSection
	GlobalSection(SolutionProperties) = preSolution
		HideSolutionNode = FALSE
	EndGlobalSection
	GlobalSection(ExtensibilityGlobals) = postSolution
		SolutionGuid = {026017D6-8593-44A2-B7E4-DE83AAD05F20}
	EndGlobalSection
EndGlobal
