
Microsoft Visual Studio Solution File, Format Version 12.00
# Visual Studio Version 17
VisualStudioVersion = 17.9.34723.18
MinimumVisualStudioVersion = 10.0.40219.1
Project("{FAE04EC0-301F-11D3-BF4B-00C04F79EFBC}") = "ApiFuncional", "ApiFuncional.csproj", "{2C1924D2-AA60-4CF5-93AC-5F27931BF571}"
EndProject
Global
	GlobalSection(SolutionConfigurationPlatforms) = preSolution
		Debug|Any CPU = Debug|Any CPU
		Release|Any CPU = Release|Any CPU
	EndGlobalSection
	GlobalSection(ProjectConfigurationPlatforms) = postSolution
		{2C1924D2-AA60-4CF5-93AC-5F27931BF571}.Debug|Any CPU.ActiveCfg = Debug|Any CPU
		{2C1924D2-AA60-4CF5-93AC-5F27931BF571}.Debug|Any CPU.Build.0 = Debug|Any CPU
		{2C1924D2-AA60-4CF5-93AC-5F27931BF571}.Release|Any CPU.ActiveCfg = Release|Any CPU
		{2C1924D2-AA60-4CF5-93AC-5F27931BF571}.Release|Any CPU.Build.0 = Release|Any CPU
	EndGlobalSection
	GlobalSection(SolutionProperties) = preSolution
		HideSolutionNode = FALSE
	EndGlobalSection
	GlobalSection(ExtensibilityGlobals) = postSolution
		SolutionGuid = {AC0E5B6A-0149-4951-A693-55C910DB64AF}
	EndGlobalSection
EndGlobal
