
Microsoft Visual Studio Solution File, Format Version 12.00
# Visual Studio Version 17
VisualStudioVersion = 17.9.34723.18
MinimumVisualStudioVersion = 10.0.40219.1
Project("{2150E333-8FDC-42A3-9474-1A3956D46DE8}") = "src", "src", "{79CF57D8-25B7-4A1B-94A7-2A931660DF4E}"
EndProject
Project("{2150E333-8FDC-42A3-9474-1A3956D46DE8}") = "Building Blocks", "Building Blocks", "{B57C723B-864F-44D4-99A4-640A54C5D3C8}"
EndProject
Project("{2150E333-8FDC-42A3-9474-1A3956D46DE8}") = "Services", "Services", "{3066D99D-846A-442C-A34B-F8ABF9FC5C07}"
EndProject
Project("{2150E333-8FDC-42A3-9474-1A3956D46DE8}") = "Web", "Web", "{24F864B4-0852-485A-BDC5-23B446E20C4D}"
EndProject
Project("{2150E333-8FDC-42A3-9474-1A3956D46DE8}") = "Identidade", "Identidade", "{D112733F-570E-4BD5-8E95-DD53FF34348E}"
EndProject
Project("{9A19103F-16F7-4668-BE54-9A1E7A4F7556}") = "NSE.Identidade.API", "src\services\NSE.Identidade.API\NSE.Identidade.API.csproj", "{A33B1D15-B1B5-4D68-A6B5-A7EAE7263A44}"
EndProject
Project("{2150E333-8FDC-42A3-9474-1A3956D46DE8}") = "MVC", "MVC", "{E78A9FC7-A3CF-4EA5-BCAE-0CA6CCACC249}"
EndProject
Project("{9A19103F-16F7-4668-BE54-9A1E7A4F7556}") = "NSE.WebApp.MVC", "src\web\NSE.WebApp.MVC\NSE.WebApp.MVC.csproj", "{A428835E-0EA1-40FC-B293-E09582C71FA7}"
EndProject
Project("{2150E333-8FDC-42A3-9474-1A3956D46DE8}") = "Core", "Core", "{2BD98DFA-B1AD-4D1A-8541-B1860E95D0F5}"
EndProject
Project("{9A19103F-16F7-4668-BE54-9A1E7A4F7556}") = "NSE.Core", "src\building blocks\NSE.Core\NSE.Core.csproj", "{0A7723A3-A5CB-4B37-8700-EA88B6E83BF0}"
EndProject
Project("{2150E333-8FDC-42A3-9474-1A3956D46DE8}") = "Catalogo", "Catalogo", "{43DA6C35-1C0E-4D6A-B5BB-8CEBF890C0CD}"
EndProject
Project("{9A19103F-16F7-4668-BE54-9A1E7A4F7556}") = "NSE.Catalogo.API", "src\services\NSE.Catalogo.API\NSE.Catalogo.API.csproj", "{FAD910F2-4D68-43D4-A384-D04685FC4D42}"
EndProject
Project("{2150E333-8FDC-42A3-9474-1A3956D46DE8}") = "Carrinho", "Carrinho", "{55949787-AECF-4F8D-AACF-B9D1D4B91583}"
EndProject
Project("{9A19103F-16F7-4668-BE54-9A1E7A4F7556}") = "NSE.Carrinho.API", "src\services\NSE.Carrinho.API\NSE.Carrinho.API.csproj", "{1E3AAC65-A7D7-46BB-A9B7-E5900C620D0A}"
EndProject
Project("{2150E333-8FDC-42A3-9474-1A3956D46DE8}") = "Cliente", "Cliente", "{06AF5F70-75EA-4557-BAFA-6FE4B244C1E0}"
EndProject
Project("{9A19103F-16F7-4668-BE54-9A1E7A4F7556}") = "NSE.Cliente.API", "src\services\NSE.Cliente.API\NSE.Cliente.API.csproj", "{CBB8B01F-9967-4442-BD35-0DA313565A8E}"
EndProject
Project("{2150E333-8FDC-42A3-9474-1A3956D46DE8}") = "Pagamento", "Pagamento", "{9FA0CDAB-F346-41B3-9872-9D4F24EAC237}"
EndProject
Project("{9A19103F-16F7-4668-BE54-9A1E7A4F7556}") = "NSE.Pagamento.API", "src\services\NSE.Pagamento.API\NSE.Pagamento.API.csproj", "{92E94330-5D33-4E41-89D6-935C85270F56}"
EndProject
Project("{2150E333-8FDC-42A3-9474-1A3956D46DE8}") = "Pedido", "Pedido", "{AD707972-2AD7-4265-8E9B-6E2BA43FE717}"
EndProject
Project("{9A19103F-16F7-4668-BE54-9A1E7A4F7556}") = "NSE.Pedido.API", "src\services\NSE.Pedido.API\NSE.Pedido.API.csproj", "{B647D8B5-96DD-40CF-9FCE-D3904841D771}"
EndProject
Project("{2150E333-8FDC-42A3-9474-1A3956D46DE8}") = "Services", "Services", "{AFF3CCA8-AA5D-40D3-BA3A-B4060D063838}"
EndProject
Project("{9A19103F-16F7-4668-BE54-9A1E7A4F7556}") = "NSE.WebAPI.Core", "src\building blocks\NSE.WebAPI.Core\NSE.WebAPI.Core.csproj", "{8BDE6F9F-2046-4556-90CD-137DE8A72A4C}"
EndProject
Global
	GlobalSection(SolutionConfigurationPlatforms) = preSolution
		Debug|Any CPU = Debug|Any CPU
		Release|Any CPU = Release|Any CPU
	EndGlobalSection
	GlobalSection(ProjectConfigurationPlatforms) = postSolution
		{A33B1D15-B1B5-4D68-A6B5-A7EAE7263A44}.Debug|Any CPU.ActiveCfg = Debug|Any CPU
		{A33B1D15-B1B5-4D68-A6B5-A7EAE7263A44}.Debug|Any CPU.Build.0 = Debug|Any CPU
		{A33B1D15-B1B5-4D68-A6B5-A7EAE7263A44}.Release|Any CPU.ActiveCfg = Release|Any CPU
		{A33B1D15-B1B5-4D68-A6B5-A7EAE7263A44}.Release|Any CPU.Build.0 = Release|Any CPU
		{A428835E-0EA1-40FC-B293-E09582C71FA7}.Debug|Any CPU.ActiveCfg = Debug|Any CPU
		{A428835E-0EA1-40FC-B293-E09582C71FA7}.Debug|Any CPU.Build.0 = Debug|Any CPU
		{A428835E-0EA1-40FC-B293-E09582C71FA7}.Release|Any CPU.ActiveCfg = Release|Any CPU
		{A428835E-0EA1-40FC-B293-E09582C71FA7}.Release|Any CPU.Build.0 = Release|Any CPU
		{0A7723A3-A5CB-4B37-8700-EA88B6E83BF0}.Debug|Any CPU.ActiveCfg = Debug|Any CPU
		{0A7723A3-A5CB-4B37-8700-EA88B6E83BF0}.Debug|Any CPU.Build.0 = Debug|Any CPU
		{0A7723A3-A5CB-4B37-8700-EA88B6E83BF0}.Release|Any CPU.ActiveCfg = Release|Any CPU
		{0A7723A3-A5CB-4B37-8700-EA88B6E83BF0}.Release|Any CPU.Build.0 = Release|Any CPU
		{FAD910F2-4D68-43D4-A384-D04685FC4D42}.Debug|Any CPU.ActiveCfg = Debug|Any CPU
		{FAD910F2-4D68-43D4-A384-D04685FC4D42}.Debug|Any CPU.Build.0 = Debug|Any CPU
		{FAD910F2-4D68-43D4-A384-D04685FC4D42}.Release|Any CPU.ActiveCfg = Release|Any CPU
		{FAD910F2-4D68-43D4-A384-D04685FC4D42}.Release|Any CPU.Build.0 = Release|Any CPU
		{1E3AAC65-A7D7-46BB-A9B7-E5900C620D0A}.Debug|Any CPU.ActiveCfg = Debug|Any CPU
		{1E3AAC65-A7D7-46BB-A9B7-E5900C620D0A}.Debug|Any CPU.Build.0 = Debug|Any CPU
		{1E3AAC65-A7D7-46BB-A9B7-E5900C620D0A}.Release|Any CPU.ActiveCfg = Release|Any CPU
		{1E3AAC65-A7D7-46BB-A9B7-E5900C620D0A}.Release|Any CPU.Build.0 = Release|Any CPU
		{CBB8B01F-9967-4442-BD35-0DA313565A8E}.Debug|Any CPU.ActiveCfg = Debug|Any CPU
		{CBB8B01F-9967-4442-BD35-0DA313565A8E}.Debug|Any CPU.Build.0 = Debug|Any CPU
		{CBB8B01F-9967-4442-BD35-0DA313565A8E}.Release|Any CPU.ActiveCfg = Release|Any CPU
		{CBB8B01F-9967-4442-BD35-0DA313565A8E}.Release|Any CPU.Build.0 = Release|Any CPU
		{92E94330-5D33-4E41-89D6-935C85270F56}.Debug|Any CPU.ActiveCfg = Debug|Any CPU
		{92E94330-5D33-4E41-89D6-935C85270F56}.Debug|Any CPU.Build.0 = Debug|Any CPU
		{92E94330-5D33-4E41-89D6-935C85270F56}.Release|Any CPU.ActiveCfg = Release|Any CPU
		{92E94330-5D33-4E41-89D6-935C85270F56}.Release|Any CPU.Build.0 = Release|Any CPU
		{B647D8B5-96DD-40CF-9FCE-D3904841D771}.Debug|Any CPU.ActiveCfg = Debug|Any CPU
		{B647D8B5-96DD-40CF-9FCE-D3904841D771}.Debug|Any CPU.Build.0 = Debug|Any CPU
		{B647D8B5-96DD-40CF-9FCE-D3904841D771}.Release|Any CPU.ActiveCfg = Release|Any CPU
		{B647D8B5-96DD-40CF-9FCE-D3904841D771}.Release|Any CPU.Build.0 = Release|Any CPU
		{8BDE6F9F-2046-4556-90CD-137DE8A72A4C}.Debug|Any CPU.ActiveCfg = Debug|Any CPU
		{8BDE6F9F-2046-4556-90CD-137DE8A72A4C}.Debug|Any CPU.Build.0 = Debug|Any CPU
		{8BDE6F9F-2046-4556-90CD-137DE8A72A4C}.Release|Any CPU.ActiveCfg = Release|Any CPU
		{8BDE6F9F-2046-4556-90CD-137DE8A72A4C}.Release|Any CPU.Build.0 = Release|Any CPU
	EndGlobalSection
	GlobalSection(SolutionProperties) = preSolution
		HideSolutionNode = FALSE
	EndGlobalSection
	GlobalSection(NestedProjects) = preSolution
		{B57C723B-864F-44D4-99A4-640A54C5D3C8} = {79CF57D8-25B7-4A1B-94A7-2A931660DF4E}
		{3066D99D-846A-442C-A34B-F8ABF9FC5C07} = {79CF57D8-25B7-4A1B-94A7-2A931660DF4E}
		{24F864B4-0852-485A-BDC5-23B446E20C4D} = {79CF57D8-25B7-4A1B-94A7-2A931660DF4E}
		{D112733F-570E-4BD5-8E95-DD53FF34348E} = {3066D99D-846A-442C-A34B-F8ABF9FC5C07}
		{A33B1D15-B1B5-4D68-A6B5-A7EAE7263A44} = {D112733F-570E-4BD5-8E95-DD53FF34348E}
		{E78A9FC7-A3CF-4EA5-BCAE-0CA6CCACC249} = {24F864B4-0852-485A-BDC5-23B446E20C4D}
		{A428835E-0EA1-40FC-B293-E09582C71FA7} = {E78A9FC7-A3CF-4EA5-BCAE-0CA6CCACC249}
		{2BD98DFA-B1AD-4D1A-8541-B1860E95D0F5} = {B57C723B-864F-44D4-99A4-640A54C5D3C8}
		{0A7723A3-A5CB-4B37-8700-EA88B6E83BF0} = {2BD98DFA-B1AD-4D1A-8541-B1860E95D0F5}
		{43DA6C35-1C0E-4D6A-B5BB-8CEBF890C0CD} = {3066D99D-846A-442C-A34B-F8ABF9FC5C07}
		{FAD910F2-4D68-43D4-A384-D04685FC4D42} = {43DA6C35-1C0E-4D6A-B5BB-8CEBF890C0CD}
		{55949787-AECF-4F8D-AACF-B9D1D4B91583} = {3066D99D-846A-442C-A34B-F8ABF9FC5C07}
		{1E3AAC65-A7D7-46BB-A9B7-E5900C620D0A} = {55949787-AECF-4F8D-AACF-B9D1D4B91583}
		{06AF5F70-75EA-4557-BAFA-6FE4B244C1E0} = {3066D99D-846A-442C-A34B-F8ABF9FC5C07}
		{CBB8B01F-9967-4442-BD35-0DA313565A8E} = {06AF5F70-75EA-4557-BAFA-6FE4B244C1E0}
		{9FA0CDAB-F346-41B3-9872-9D4F24EAC237} = {3066D99D-846A-442C-A34B-F8ABF9FC5C07}
		{92E94330-5D33-4E41-89D6-935C85270F56} = {9FA0CDAB-F346-41B3-9872-9D4F24EAC237}
		{AD707972-2AD7-4265-8E9B-6E2BA43FE717} = {3066D99D-846A-442C-A34B-F8ABF9FC5C07}
		{B647D8B5-96DD-40CF-9FCE-D3904841D771} = {AD707972-2AD7-4265-8E9B-6E2BA43FE717}
		{AFF3CCA8-AA5D-40D3-BA3A-B4060D063838} = {B57C723B-864F-44D4-99A4-640A54C5D3C8}
		{8BDE6F9F-2046-4556-90CD-137DE8A72A4C} = {AFF3CCA8-AA5D-40D3-BA3A-B4060D063838}
	EndGlobalSection
	GlobalSection(ExtensibilityGlobals) = postSolution
		SolutionGuid = {B5DA6033-1F3A-4DAB-B73B-8F72941AE927}
	EndGlobalSection
EndGlobal
